// !$*UTF8*$!
{
	archiveVersion = 1;
	classes = {
	};
	objectVersion = 46;
	objects = {

/* Begin PBXBuildFile section */
		123ECA031F5686E700B31DD6 /* ContetsListViewController.swift in Sources */ = {isa = PBXBuildFile; fileRef = 123ECA021F5686E700B31DD6 /* ContetsListViewController.swift */; };
		123ECA051F56870300B31DD6 /* AddContentViewController.swift in Sources */ = {isa = PBXBuildFile; fileRef = 123ECA041F56870300B31DD6 /* AddContentViewController.swift */; };
		123ECA071F56871500B31DD6 /* TagListViewController.swift in Sources */ = {isa = PBXBuildFile; fileRef = 123ECA061F56871500B31DD6 /* TagListViewController.swift */; };
		123ECA091F56872400B31DD6 /* SettingViewController.swift in Sources */ = {isa = PBXBuildFile; fileRef = 123ECA081F56872400B31DD6 /* SettingViewController.swift */; };
		123ECA0B1F56873200B31DD6 /* CategoryListViewController.swift in Sources */ = {isa = PBXBuildFile; fileRef = 123ECA0A1F56873200B31DD6 /* CategoryListViewController.swift */; };
		123ECA0D1F56875000B31DD6 /* Contents.swift in Sources */ = {isa = PBXBuildFile; fileRef = 123ECA0C1F56875000B31DD6 /* Contents.swift */; };
		123ECA0F1F56875B00B31DD6 /* Category.swift in Sources */ = {isa = PBXBuildFile; fileRef = 123ECA0E1F56875B00B31DD6 /* Category.swift */; };
		123ECA111F569D0200B31DD6 /* metaData.swift in Sources */ = {isa = PBXBuildFile; fileRef = 123ECA101F569D0200B31DD6 /* metaData.swift */; };
		AB8C409A1F4D50480045F589 /* AppDelegate.swift in Sources */ = {isa = PBXBuildFile; fileRef = AB8C40991F4D50480045F589 /* AppDelegate.swift */; };
		AB8C409F1F4D50480045F589 /* Main.storyboard in Resources */ = {isa = PBXBuildFile; fileRef = AB8C409D1F4D50480045F589 /* Main.storyboard */; };
		AB8C40A11F4D50480045F589 /* Assets.xcassets in Resources */ = {isa = PBXBuildFile; fileRef = AB8C40A01F4D50480045F589 /* Assets.xcassets */; };
		AB8C40A41F4D50480045F589 /* LaunchScreen.storyboard in Resources */ = {isa = PBXBuildFile; fileRef = AB8C40A21F4D50480045F589 /* LaunchScreen.storyboard */; };
/* End PBXBuildFile section */

/* Begin PBXFileReference section */
		123ECA021F5686E700B31DD6 /* ContetsListViewController.swift */ = {isa = PBXFileReference; fileEncoding = 4; lastKnownFileType = sourcecode.swift; path = ContetsListViewController.swift; sourceTree = "<group>"; };
		123ECA041F56870300B31DD6 /* AddContentViewController.swift */ = {isa = PBXFileReference; fileEncoding = 4; lastKnownFileType = sourcecode.swift; path = AddContentViewController.swift; sourceTree = "<group>"; };
		123ECA061F56871500B31DD6 /* TagListViewController.swift */ = {isa = PBXFileReference; fileEncoding = 4; lastKnownFileType = sourcecode.swift; path = TagListViewController.swift; sourceTree = "<group>"; };
		123ECA081F56872400B31DD6 /* SettingViewController.swift */ = {isa = PBXFileReference; fileEncoding = 4; lastKnownFileType = sourcecode.swift; path = SettingViewController.swift; sourceTree = "<group>"; };
		123ECA0A1F56873200B31DD6 /* CategoryListViewController.swift */ = {isa = PBXFileReference; fileEncoding = 4; lastKnownFileType = sourcecode.swift; path = CategoryListViewController.swift; sourceTree = "<group>"; };
		123ECA0C1F56875000B31DD6 /* Contents.swift */ = {isa = PBXFileReference; fileEncoding = 4; lastKnownFileType = sourcecode.swift; path = Contents.swift; sourceTree = "<group>"; };
		123ECA0E1F56875B00B31DD6 /* Category.swift */ = {isa = PBXFileReference; fileEncoding = 4; lastKnownFileType = sourcecode.swift; path = Category.swift; sourceTree = "<group>"; };
		123ECA101F569D0200B31DD6 /* metaData.swift */ = {isa = PBXFileReference; fileEncoding = 4; lastKnownFileType = sourcecode.swift; path = metaData.swift; sourceTree = "<group>"; };
		AB8C40961F4D50480045F589 /* rbcDevApp.app */ = {isa = PBXFileReference; explicitFileType = wrapper.application; includeInIndex = 0; path = rbcDevApp.app; sourceTree = BUILT_PRODUCTS_DIR; };
		AB8C40991F4D50480045F589 /* AppDelegate.swift */ = {isa = PBXFileReference; lastKnownFileType = sourcecode.swift; path = AppDelegate.swift; sourceTree = "<group>"; };
		AB8C409E1F4D50480045F589 /* Base */ = {isa = PBXFileReference; lastKnownFileType = file.storyboard; name = Base; path = Base.lproj/Main.storyboard; sourceTree = "<group>"; };
		AB8C40A01F4D50480045F589 /* Assets.xcassets */ = {isa = PBXFileReference; lastKnownFileType = folder.assetcatalog; path = Assets.xcassets; sourceTree = "<group>"; };
		AB8C40A31F4D50480045F589 /* Base */ = {isa = PBXFileReference; lastKnownFileType = file.storyboard; name = Base; path = Base.lproj/LaunchScreen.storyboard; sourceTree = "<group>"; };
		AB8C40A51F4D50480045F589 /* Info.plist */ = {isa = PBXFileReference; lastKnownFileType = text.plist.xml; path = Info.plist; sourceTree = "<group>"; };
/* End PBXFileReference section */

/* Begin PBXFrameworksBuildPhase section */
		AB8C40931F4D50480045F589 /* Frameworks */ = {
			isa = PBXFrameworksBuildPhase;
			buildActionMask = 2147483647;
			files = (
			);
			runOnlyForDeploymentPostprocessing = 0;
		};
/* End PBXFrameworksBuildPhase section */

/* Begin PBXGroup section */
		AB8C408D1F4D50480045F589 = {
			isa = PBXGroup;
			children = (
				AB8C40981F4D50480045F589 /* rbcDevApp */,
				AB8C40971F4D50480045F589 /* Products */,
			);
			sourceTree = "<group>";
		};
		AB8C40971F4D50480045F589 /* Products */ = {
			isa = PBXGroup;
			children = (
				AB8C40961F4D50480045F589 /* rbcDevApp.app */,
			);
			name = Products;
			sourceTree = "<group>";
		};
		AB8C40981F4D50480045F589 /* rbcDevApp */ = {
			isa = PBXGroup;
			children = (
				AB8C40991F4D50480045F589 /* AppDelegate.swift */,
				AB8C409D1F4D50480045F589 /* Main.storyboard */,
				123ECA021F5686E700B31DD6 /* ContetsListViewController.swift */,
				123ECA041F56870300B31DD6 /* AddContentViewController.swift */,
				123ECA061F56871500B31DD6 /* TagListViewController.swift */,
				123ECA0A1F56873200B31DD6 /* CategoryListViewController.swift */,
				123ECA0C1F56875000B31DD6 /* Contents.swift */,
				123ECA0E1F56875B00B31DD6 /* Category.swift */,
				123ECA101F569D0200B31DD6 /* metaData.swift */,
				123ECA081F56872400B31DD6 /* SettingViewController.swift */,
				AB8C40A01F4D50480045F589 /* Assets.xcassets */,
				AB8C40A21F4D50480045F589 /* LaunchScreen.storyboard */,
				AB8C40A51F4D50480045F589 /* Info.plist */,
			);
			path = rbcDevApp;
			sourceTree = "<group>";
		};
/* End PBXGroup section */

/* Begin PBXNativeTarget section */
		AB8C40951F4D50480045F589 /* rbcDevApp */ = {
			isa = PBXNativeTarget;
			buildConfigurationList = AB8C40A81F4D50480045F589 /* Build configuration list for PBXNativeTarget "rbcDevApp" */;
			buildPhases = (
				AB8C40921F4D50480045F589 /* Sources */,
				AB8C40931F4D50480045F589 /* Frameworks */,
				AB8C40941F4D50480045F589 /* Resources */,
			);
			buildRules = (
			);
			dependencies = (
			);
			name = rbcDevApp;
			productName = rbcDevApp;
			productReference = AB8C40961F4D50480045F589 /* rbcDevApp.app */;
			productType = "com.apple.product-type.application";
		};
/* End PBXNativeTarget section */

/* Begin PBXProject section */
		AB8C408E1F4D50480045F589 /* Project object */ = {
			isa = PBXProject;
			attributes = {
				LastSwiftUpdateCheck = 0830;
				LastUpgradeCheck = 0830;
				ORGANIZATIONNAME = nttr;
				TargetAttributes = {
					AB8C40951F4D50480045F589 = {
						CreatedOnToolsVersion = 8.3.3;
						ProvisioningStyle = Automatic;
					};
				};
			};
			buildConfigurationList = AB8C40911F4D50480045F589 /* Build configuration list for PBXProject "rbcDevApp" */;
			compatibilityVersion = "Xcode 3.2";
			developmentRegion = English;
			hasScannedForEncodings = 0;
			knownRegions = (
				en,
				Base,
			);
			mainGroup = AB8C408D1F4D50480045F589;
			productRefGroup = AB8C40971F4D50480045F589 /* Products */;
			projectDirPath = "";
			projectRoot = "";
			targets = (
				AB8C40951F4D50480045F589 /* rbcDevApp */,
			);
		};
/* End PBXProject section */

/* Begin PBXResourcesBuildPhase section */
		AB8C40941F4D50480045F589 /* Resources */ = {
			isa = PBXResourcesBuildPhase;
			buildActionMask = 2147483647;
			files = (
				AB8C40A41F4D50480045F589 /* LaunchScreen.storyboard in Resources */,
				AB8C40A11F4D50480045F589 /* Assets.xcassets in Resources */,
				AB8C409F1F4D50480045F589 /* Main.storyboard in Resources */,
			);
			runOnlyForDeploymentPostprocessing = 0;
		};
/* End PBXResourcesBuildPhase section */

/* Begin PBXSourcesBuildPhase section */
		AB8C40921F4D50480045F589 /* Sources */ = {
			isa = PBXSourcesBuildPhase;
			buildActionMask = 2147483647;
			files = (
				123ECA091F56872400B31DD6 /* SettingViewController.swift in Sources */,
				123ECA051F56870300B31DD6 /* AddContentViewController.swift in Sources */,
				123ECA0D1F56875000B31DD6 /* Contents.swift in Sources */,
				123ECA0B1F56873200B31DD6 /* CategoryListViewController.swift in Sources */,
				123ECA111F569D0200B31DD6 /* metaData.swift in Sources */,
				123ECA071F56871500B31DD6 /* TagListViewController.swift in Sources */,
				123ECA031F5686E700B31DD6 /* ContetsListViewController.swift in Sources */,
				AB8C409A1F4D50480045F589 /* AppDelegate.swift in Sources */,
				123ECA0F1F56875B00B31DD6 /* Category.swift in Sources */,
			);
			runOnlyForDeploymentPostprocessing = 0;
		};
/* End PBXSourcesBuildPhase section */

/* Begin PBXVariantGroup section */
		AB8C409D1F4D50480045F589 /* Main.storyboard */ = {
			isa = PBXVariantGroup;
			children = (
				AB8C409E1F4D50480045F589 /* Base */,
			);
			name = Main.storyboard;
			sourceTree = "<group>";
		};
		AB8C40A21F4D50480045F589 /* LaunchScreen.storyboard */ = {
			isa = PBXVariantGroup;
			children = (
				AB8C40A31F4D50480045F589 /* Base */,
			);
			name = LaunchScreen.storyboard;
			sourceTree = "<group>";
		};
/* End PBXVariantGroup section */

/* Begin XCBuildConfiguration section */
		AB8C40A61F4D50480045F589 /* Debug */ = {
			isa = XCBuildConfiguration;
			buildSettings = {
				ALWAYS_SEARCH_USER_PATHS = NO;
				CLANG_ANALYZER_NONNULL = YES;
				CLANG_ANALYZER_NUMBER_OBJECT_CONVERSION = YES_AGGRESSIVE;
				CLANG_CXX_LANGUAGE_STANDARD = "gnu++0x";
				CLANG_CXX_LIBRARY = "libc++";
				CLANG_ENABLE_MODULES = YES;
				CLANG_ENABLE_OBJC_ARC = YES;
				CLANG_WARN_BOOL_CONVERSION = YES;
				CLANG_WARN_CONSTANT_CONVERSION = YES;
				CLANG_WARN_DIRECT_OBJC_ISA_USAGE = YES_ERROR;
				CLANG_WARN_DOCUMENTATION_COMMENTS = YES;
				CLANG_WARN_EMPTY_BODY = YES;
				CLANG_WARN_ENUM_CONVERSION = YES;
				CLANG_WARN_INFINITE_RECURSION = YES;
				CLANG_WARN_INT_CONVERSION = YES;
				CLANG_WARN_OBJC_ROOT_CLASS = YES_ERROR;
				CLANG_WARN_SUSPICIOUS_MOVE = YES;
				CLANG_WARN_UNREACHABLE_CODE = YES;
				CLANG_WARN__DUPLICATE_METHOD_MATCH = YES;
				"CODE_SIGN_IDENTITY[sdk=iphoneos*]" = "iPhone Developer";
				COPY_PHASE_STRIP = NO;
				DEBUG_INFORMATION_FORMAT = dwarf;
				ENABLE_STRICT_OBJC_MSGSEND = YES;
				ENABLE_TESTABILITY = YES;
				GCC_C_LANGUAGE_STANDARD = gnu99;
				GCC_DYNAMIC_NO_PIC = NO;
				GCC_NO_COMMON_BLOCKS = YES;
				GCC_OPTIMIZATION_LEVEL = 0;
				GCC_PREPROCESSOR_DEFINITIONS = (
					"DEBUG=1",
					"$(inherited)",
				);
				GCC_WARN_64_TO_32_BIT_CONVERSION = YES;
				GCC_WARN_ABOUT_RETURN_TYPE = YES_ERROR;
				GCC_WARN_UNDECLARED_SELECTOR = YES;
				GCC_WARN_UNINITIALIZED_AUTOS = YES_AGGRESSIVE;
				GCC_WARN_UNUSED_FUNCTION = YES;
				GCC_WARN_UNUSED_VARIABLE = YES;
				IPHONEOS_DEPLOYMENT_TARGET = 10.3;
				MTL_ENABLE_DEBUG_INFO = YES;
				ONLY_ACTIVE_ARCH = YES;
				SDKROOT = iphoneos;
				SWIFT_ACTIVE_COMPILATION_CONDITIONS = DEBUG;
				SWIFT_OPTIMIZATION_LEVEL = "-Onone";
			};
			name = Debug;
		};
		AB8C40A71F4D50480045F589 /* Release */ = {
			isa = XCBuildConfiguration;
			buildSettings = {
				ALWAYS_SEARCH_USER_PATHS = NO;
				CLANG_ANALYZER_NONNULL = YES;
				CLANG_ANALYZER_NUMBER_OBJECT_CONVERSION = YES_AGGRESSIVE;
				CLANG_CXX_LANGUAGE_STANDARD = "gnu++0x";
				CLANG_CXX_LIBRARY = "libc++";
				CLANG_ENABLE_MODULES = YES;
				CLANG_ENABLE_OBJC_ARC = YES;
				CLANG_WARN_BOOL_CONVERSION = YES;
				CLANG_WARN_CONSTANT_CONVERSION = YES;
				CLANG_WARN_DIRECT_OBJC_ISA_USAGE = YES_ERROR;
				CLANG_WARN_DOCUMENTATION_COMMENTS = YES;
				CLANG_WARN_EMPTY_BODY = YES;
				CLANG_WARN_ENUM_CONVERSION = YES;
				CLANG_WARN_INFINITE_RECURSION = YES;
				CLANG_WARN_INT_CONVERSION = YES;
				CLANG_WARN_OBJC_ROOT_CLASS = YES_ERROR;
				CLANG_WARN_SUSPICIOUS_MOVE = YES;
				CLANG_WARN_UNREACHABLE_CODE = YES;
				CLANG_WARN__DUPLICATE_METHOD_MATCH = YES;
				"CODE_SIGN_IDENTITY[sdk=iphoneos*]" = "iPhone Developer";
				COPY_PHASE_STRIP = NO;
				DEBUG_INFORMATION_FORMAT = "dwarf-with-dsym";
				ENABLE_NS_ASSERTIONS = NO;
				ENABLE_STRICT_OBJC_MSGSEND = YES;
				GCC_C_LANGUAGE_STANDARD = gnu99;
				GCC_NO_COMMON_BLOCKS = YES;
				GCC_WARN_64_TO_32_BIT_CONVERSION = YES;
				GCC_WARN_ABOUT_RETURN_TYPE = YES_ERROR;
				GCC_WARN_UNDECLARED_SELECTOR = YES;
				GCC_WARN_UNINITIALIZED_AUTOS = YES_AGGRESSIVE;
				GCC_WARN_UNUSED_FUNCTION = YES;
				GCC_WARN_UNUSED_VARIABLE = YES;
				IPHONEOS_DEPLOYMENT_TARGET = 10.3;
				MTL_ENABLE_DEBUG_INFO = NO;
				SDKROOT = iphoneos;
				SWIFT_OPTIMIZATION_LEVEL = "-Owholemodule";
				VALIDATE_PRODUCT = YES;
			};
			name = Release;
		};
		AB8C40A91F4D50480045F589 /* Debug */ = {
			isa = XCBuildConfiguration;
			buildSettings = {
				ASSETCATALOG_COMPILER_APPICON_NAME = AppIcon;
				INFOPLIST_FILE = rbcDevApp/Info.plist;
				LD_RUNPATH_SEARCH_PATHS = "$(inherited) @executable_path/Frameworks";
				PRODUCT_BUNDLE_IDENTIFIER = jp.co.nttr.23569.rbcDevApp;
				PRODUCT_NAME = "$(TARGET_NAME)";
				SWIFT_VERSION = 3.0;
			};
			name = Debug;
		};
		AB8C40AA1F4D50480045F589 /* Release */ = {
			isa = XCBuildConfiguration;
			buildSettings = {
				ASSETCATALOG_COMPILER_APPICON_NAME = AppIcon;
				INFOPLIST_FILE = rbcDevApp/Info.plist;
				LD_RUNPATH_SEARCH_PATHS = "$(inherited) @executable_path/Frameworks";
				PRODUCT_BUNDLE_IDENTIFIER = jp.co.nttr.23569.rbcDevApp;
				PRODUCT_NAME = "$(TARGET_NAME)";
				SWIFT_VERSION = 3.0;
			};
			name = Release;
		};
/* End XCBuildConfiguration section */

/* Begin XCConfigurationList section */
		AB8C40911F4D50480045F589 /* Build configuration list for PBXProject "rbcDevApp" */ = {
			isa = XCConfigurationList;
			buildConfigurations = (
				AB8C40A61F4D50480045F589 /* Debug */,
				AB8C40A71F4D50480045F589 /* Release */,
			);
			defaultConfigurationIsVisible = 0;
			defaultConfigurationName = Release;
		};
		AB8C40A81F4D50480045F589 /* Build configuration list for PBXNativeTarget "rbcDevApp" */ = {
			isa = XCConfigurationList;
			buildConfigurations = (
				AB8C40A91F4D50480045F589 /* Debug */,
				AB8C40AA1F4D50480045F589 /* Release */,
			);
			defaultConfigurationIsVisible = 0;
			defaultConfigurationName = Release;
		};
/* End XCConfigurationList section */
	};
	rootObject = AB8C408E1F4D50480045F589 /* Project object */;
}
